
Microsoft Visual Studio Solution File, Format Version 12.00
# Visual Studio Version 17
VisualStudioVersion = 17.14.37012.4 d17.14
MinimumVisualStudioVersion = 10.0.40219.1
Project("{FAE04EC0-301F-11D3-BF4B-00C04F79EFBC}") = "Digital_Cloud_Technologies_Test-Task", "Digital_Cloud_Technologies_Test-Task\Digital_Cloud_Technologies_Test-Task.csproj", "{F989EE45-1EA4-4114-9404-553C70F21B7F}"
EndProject
Global
	GlobalSection(SolutionConfigurationPlatforms) = preSolution
		Debug|Any CPU = Debug|Any CPU
		Release|Any CPU = Release|Any CPU
	EndGlobalSection
	GlobalSection(ProjectConfigurationPlatforms) = postSolution
		{F989EE45-1EA4-4114-9404-553C70F21B7F}.Debug|Any CPU.ActiveCfg = Debug|Any CPU
		{F989EE45-1EA4-4114-9404-553C70F21B7F}.Debug|Any CPU.Build.0 = Debug|Any CPU
		{F989EE45-1EA4-4114-9404-553C70F21B7F}.Release|Any CPU.ActiveCfg = Release|Any CPU
		{F989EE45-1EA4-4114-9404-553C70F21B7F}.Release|Any CPU.Build.0 = Release|Any CPU
	EndGlobalSection
	GlobalSection(SolutionProperties) = preSolution
		HideSolutionNode = FALSE
	EndGlobalSection
	GlobalSection(ExtensibilityGlobals) = postSolution
		SolutionGuid = {D4E65BF5-C862-4B43-8578-A02A08F09B29}
	EndGlobalSection
EndGlobal
